
Microsoft Visual Studio Solution File, Format Version 12.00
Project("{FAE04EC0-301F-11D3-BF4B-00C04F79EFBC}") = "ScreenAim", "ScreenAim\ScreenAim.csproj", "{DABF7D57-AE8F-4E3B-BB36-34661F3DD407}"
EndProject
Global
	GlobalSection(SolutionConfigurationPlatforms) = preSolution
		Debug|Any CPU = Debug|Any CPU
		Release|Any CPU = Release|Any CPU
	EndGlobalSection
	GlobalSection(ProjectConfigurationPlatforms) = postSolution
		{DABF7D57-AE8F-4E3B-BB36-34661F3DD407}.Debug|Any CPU.ActiveCfg = Debug|Any CPU
		{DABF7D57-AE8F-4E3B-BB36-34661F3DD407}.Debug|Any CPU.Build.0 = Debug|Any CPU
		{DABF7D57-AE8F-4E3B-BB36-34661F3DD407}.Release|Any CPU.ActiveCfg = Release|Any CPU
		{DABF7D57-AE8F-4E3B-BB36-34661F3DD407}.Release|Any CPU.Build.0 = Release|Any CPU
	EndGlobalSection
EndGlobal
